// !$*UTF8*$!
{
	archiveVersion = 1;
	classes = {
	};
	objectVersion = 46;
	objects = {

/* Begin PBXBuildFile section */
		D27320211C8B070200E8E5E9 /* AppDelegate.swift in Sources */ = {isa = PBXBuildFile; fileRef = D27320201C8B070200E8E5E9 /* AppDelegate.swift */; };
		D27320231C8B070200E8E5E9 /* ViewController.swift in Sources */ = {isa = PBXBuildFile; fileRef = D27320221C8B070200E8E5E9 /* ViewController.swift */; };
		D27320261C8B070200E8E5E9 /* Main.storyboard in Resources */ = {isa = PBXBuildFile; fileRef = D27320241C8B070200E8E5E9 /* Main.storyboard */; };
		D27320281C8B070200E8E5E9 /* Assets.xcassets in Resources */ = {isa = PBXBuildFile; fileRef = D27320271C8B070200E8E5E9 /* Assets.xcassets */; };
		D273202B1C8B070200E8E5E9 /* LaunchScreen.storyboard in Resources */ = {isa = PBXBuildFile; fileRef = D27320291C8B070200E8E5E9 /* LaunchScreen.storyboard */; };
/* End PBXBuildFile section */

/* Begin PBXFileReference section */
		D273201D1C8B070200E8E5E9 /* BlendingCultures-Before.app */ = {isa = PBXFileReference; explicitFileType = wrapper.application; includeInIndex = 0; path = "BlendingCultures-Before.app"; sourceTree = BUILT_PRODUCTS_DIR; };
		D27320201C8B070200E8E5E9 /* AppDelegate.swift */ = {isa = PBXFileReference; lastKnownFileType = sourcecode.swift; path = AppDelegate.swift; sourceTree = "<group>"; };
		D27320221C8B070200E8E5E9 /* ViewController.swift */ = {isa = PBXFileReference; lastKnownFileType = sourcecode.swift; path = ViewController.swift; sourceTree = "<group>"; };
		D27320251C8B070200E8E5E9 /* Base */ = {isa = PBXFileReference; lastKnownFileType = file.storyboard; name = Base; path = Base.lproj/Main.storyboard; sourceTree = "<group>"; };
		D27320271C8B070200E8E5E9 /* Assets.xcassets */ = {isa = PBXFileReference; lastKnownFileType = folder.assetcatalog; path = Assets.xcassets; sourceTree = "<group>"; };
		D273202A1C8B070200E8E5E9 /* Base */ = {isa = PBXFileReference; lastKnownFileType = file.storyboard; name = Base; path = Base.lproj/LaunchScreen.storyboard; sourceTree = "<group>"; };
		D273202C1C8B070200E8E5E9 /* Info.plist */ = {isa = PBXFileReference; lastKnownFileType = text.plist.xml; path = Info.plist; sourceTree = "<group>"; };
/* End PBXFileReference section */

/* Begin PBXFrameworksBuildPhase section */
		D273201A1C8B070200E8E5E9 /* Frameworks */ = {
			isa = PBXFrameworksBuildPhase;
			buildActionMask = 2147483647;
			files = (
			);
			runOnlyForDeploymentPostprocessing = 0;
		};
/* End PBXFrameworksBuildPhase section */

/* Begin PBXGroup section */
		D27320141C8B070200E8E5E9 = {
			isa = PBXGroup;
			children = (
				D273201F1C8B070200E8E5E9 /* BlendingCultures-Before */,
				D273201E1C8B070200E8E5E9 /* Products */,
			);
			sourceTree = "<group>";
		};
		D273201E1C8B070200E8E5E9 /* Products */ = {
			isa = PBXGroup;
			children = (
				D273201D1C8B070200E8E5E9 /* BlendingCultures-Before.app */,
			);
			name = Products;
			sourceTree = "<group>";
		};
		D273201F1C8B070200E8E5E9 /* BlendingCultures-Before */ = {
			isa = PBXGroup;
			children = (
				D27320201C8B070200E8E5E9 /* AppDelegate.swift */,
				D27320221C8B070200E8E5E9 /* ViewController.swift */,
				D27320241C8B070200E8E5E9 /* Main.storyboard */,
				D27320271C8B070200E8E5E9 /* Assets.xcassets */,
				D27320291C8B070200E8E5E9 /* LaunchScreen.storyboard */,
				D273202C1C8B070200E8E5E9 /* Info.plist */,
			);
			path = "BlendingCultures-Before";
			sourceTree = "<group>";
		};
/* End PBXGroup section */

/* Begin PBXNativeTarget section */
		D273201C1C8B070200E8E5E9 /* BlendingCultures-Before */ = {
			isa = PBXNativeTarget;
			buildConfigurationList = D273202F1C8B070200E8E5E9 /* Build configuration list for PBXNativeTarget "BlendingCultures-Before" */;
			buildPhases = (
				D27320191C8B070200E8E5E9 /* Sources */,
				D273201A1C8B070200E8E5E9 /* Frameworks */,
				D273201B1C8B070200E8E5E9 /* Resources */,
			);
			buildRules = (
			);
			dependencies = (
			);
			name = "BlendingCultures-Before";
			productName = "BlendingCultures-Before";
			productReference = D273201D1C8B070200E8E5E9 /* BlendingCultures-Before.app */;
			productType = "com.apple.product-type.application";
		};
/* End PBXNativeTarget section */

/* Begin PBXProject section */
		D27320151C8B070200E8E5E9 /* Project object */ = {
			isa = PBXProject;
			attributes = {
				LastSwiftUpdateCheck = 0720;
				LastUpgradeCheck = 0720;
				ORGANIZATIONNAME = Karuta;
				TargetAttributes = {
					D273201C1C8B070200E8E5E9 = {
						CreatedOnToolsVersion = 7.2;
					};
				};
			};
			buildConfigurationList = D27320181C8B070200E8E5E9 /* Build configuration list for PBXProject "BlendingCultures-Before" */;
			compatibilityVersion = "Xcode 3.2";
			developmentRegion = English;
			hasScannedForEncodings = 0;
			knownRegions = (
				en,
				Base,
			);
			mainGroup = D27320141C8B070200E8E5E9;
			productRefGroup = D273201E1C8B070200E8E5E9 /* Products */;
			projectDirPath = "";
			projectRoot = "";
			targets = (
				D273201C1C8B070200E8E5E9 /* BlendingCultures-Before */,
			);
		};
/* End PBXProject section */

/* Begin PBXResourcesBuildPhase section */
		D273201B1C8B070200E8E5E9 /* Resources */ = {
			isa = PBXResourcesBuildPhase;
			buildActionMask = 2147483647;
			files = (
				D273202B1C8B070200E8E5E9 /* LaunchScreen.storyboard in Resources */,
				D27320281C8B070200E8E5E9 /* Assets.xcassets in Resources */,
				D27320261C8B070200E8E5E9 /* Main.storyboard in Resources */,
			);
			runOnlyForDeploymentPostprocessing = 0;
		};
/* End PBXResourcesBuildPhase section */

/* Begin PBXSourcesBuildPhase section */
		D27320191C8B070200E8E5E9 /* Sources */ = {
			isa = PBXSourcesBuildPhase;
			buildActionMask = 2147483647;
			files = (
				D27320231C8B070200E8E5E9 /* ViewController.swift in Sources */,
				D27320211C8B070200E8E5E9 /* AppDelegate.swift in Sources */,
			);
			runOnlyForDeploymentPostprocessing = 0;
		};
/* End PBXSourcesBuildPhase section */

/* Begin PBXVariantGroup section */
		D27320241C8B070200E8E5E9 /* Main.storyboard */ = {
			isa = PBXVariantGroup;
			children = (
				D27320251C8B070200E8E5E9 /* Base */,
			);
			name = Main.storyboard;
			sourceTree = "<group>";
		};
		D27320291C8B070200E8E5E9 /* LaunchScreen.storyboard */ = {
			isa = PBXVariantGroup;
			children = (
				D273202A1C8B070200E8E5E9 /* Base */,
			);
			name = LaunchScreen.storyboard;
			sourceTree = "<group>";
		};
/* End PBXVariantGroup section */

/* Begin XCBuildConfiguration section */
		D273202D1C8B070200E8E5E9 /* Debug */ = {
			isa = XCBuildConfiguration;
			buildSettings = {
				ALWAYS_SEARCH_USER_PATHS = NO;
				CLANG_CXX_LANGUAGE_STANDARD = "gnu++0x";
				CLANG_CXX_LIBRARY = "libc++";
				CLANG_ENABLE_MODULES = YES;
				CLANG_ENABLE_OBJC_ARC = YES;
				CLANG_WARN_BOOL_CONVERSION = YES;
				CLANG_WARN_CONSTANT_CONVERSION = YES;
				CLANG_WARN_DIRECT_OBJC_ISA_USAGE = YES_ERROR;
				CLANG_WARN_EMPTY_BODY = YES;
				CLANG_WARN_ENUM_CONVERSION = YES;
				CLANG_WARN_INT_CONVERSION = YES;
				CLANG_WARN_OBJC_ROOT_CLASS = YES_ERROR;
				CLANG_WARN_UNREACHABLE_CODE = YES;
				CLANG_WARN__DUPLICATE_METHOD_MATCH = YES;
				"CODE_SIGN_IDENTITY[sdk=iphoneos*]" = "iPhone Developer";
				COPY_PHASE_STRIP = NO;
				DEBUG_INFORMATION_FORMAT = dwarf;
				ENABLE_STRICT_OBJC_MSGSEND = YES;
				ENABLE_TESTABILITY = YES;
				GCC_C_LANGUAGE_STANDARD = gnu99;
				GCC_DYNAMIC_NO_PIC = NO;
				GCC_NO_COMMON_BLOCKS = YES;
				GCC_OPTIMIZATION_LEVEL = 0;
				GCC_PREPROCESSOR_DEFINITIONS = (
					"DEBUG=1",
					"$(inherited)",
				);
				GCC_WARN_64_TO_32_BIT_CONVERSION = YES;
				GCC_WARN_ABOUT_RETURN_TYPE = YES_ERROR;
				GCC_WARN_UNDECLARED_SELECTOR = YES;
				GCC_WARN_UNINITIALIZED_AUTOS = YES_AGGRESSIVE;
				GCC_WARN_UNUSED_FUNCTION = YES;
				GCC_WARN_UNUSED_VARIABLE = YES;
				IPHONEOS_DEPLOYMENT_TARGET = 9.2;
				MTL_ENABLE_DEBUG_INFO = YES;
				ONLY_ACTIVE_ARCH = YES;
				SDKROOT = iphoneos;
				SWIFT_OPTIMIZATION_LEVEL = "-Onone";
			};
			name = Debug;
		};
		D273202E1C8B070200E8E5E9 /* Release */ = {
			isa = XCBuildConfiguration;
			buildSettings = {
				ALWAYS_SEARCH_USER_PATHS = NO;
				CLANG_CXX_LANGUAGE_STANDARD = "gnu++0x";
				CLANG_CXX_LIBRARY = "libc++";
				CLANG_ENABLE_MODULES = YES;
				CLANG_ENABLE_OBJC_ARC = YES;
				CLANG_WARN_BOOL_CONVERSION = YES;
				CLANG_WARN_CONSTANT_CONVERSION = YES;
				CLANG_WARN_DIRECT_OBJC_ISA_USAGE = YES_ERROR;
				CLANG_WARN_EMPTY_BODY = YES;
				CLANG_WARN_ENUM_CONVERSION = YES;
				CLANG_WARN_INT_CONVERSION = YES;
				CLANG_WARN_OBJC_ROOT_CLASS = YES_ERROR;
				CLANG_WARN_UNREACHABLE_CODE = YES;
				CLANG_WARN__DUPLICATE_METHOD_MATCH = YES;
				"CODE_SIGN_IDENTITY[sdk=iphoneos*]" = "iPhone Developer";
				COPY_PHASE_STRIP = NO;
				DEBUG_INFORMATION_FORMAT = "dwarf-with-dsym";
				ENABLE_NS_ASSERTIONS = NO;
				ENABLE_STRICT_OBJC_MSGSEND = YES;
				GCC_C_LANGUAGE_STANDARD = gnu99;
				GCC_NO_COMMON_BLOCKS = YES;
				GCC_WARN_64_TO_32_BIT_CONVERSION = YES;
				GCC_WARN_ABOUT_RETURN_TYPE = YES_ERROR;
				GCC_WARN_UNDECLARED_SELECTOR = YES;
				GCC_WARN_UNINITIALIZED_AUTOS = YES_AGGRESSIVE;
				GCC_WARN_UNUSED_FUNCTION = YES;
				GCC_WARN_UNUSED_VARIABLE = YES;
				IPHONEOS_DEPLOYMENT_TARGET = 9.2;
				MTL_ENABLE_DEBUG_INFO = NO;
				SDKROOT = iphoneos;
				VALIDATE_PRODUCT = YES;
			};
			name = Release;
		};
		D27320301C8B070200E8E5E9 /* Debug */ = {
			isa = XCBuildConfiguration;
			buildSettings = {
				ASSETCATALOG_COMPILER_APPICON_NAME = AppIcon;
				INFOPLIST_FILE = "BlendingCultures-Before/Info.plist";
				LD_RUNPATH_SEARCH_PATHS = "$(inherited) @executable_path/Frameworks";
				PRODUCT_BUNDLE_IDENTIFIER = "com.karutaapp.BlendingCultures-Before";
				PRODUCT_NAME = "$(TARGET_NAME)";
			};
			name = Debug;
		};
		D27320311C8B070200E8E5E9 /* Release */ = {
			isa = XCBuildConfiguration;
			buildSettings = {
				ASSETCATALOG_COMPILER_APPICON_NAME = AppIcon;
				INFOPLIST_FILE = "BlendingCultures-Before/Info.plist";
				LD_RUNPATH_SEARCH_PATHS = "$(inherited) @executable_path/Frameworks";
				PRODUCT_BUNDLE_IDENTIFIER = "com.karutaapp.BlendingCultures-Before";
				PRODUCT_NAME = "$(TARGET_NAME)";
			};
			name = Release;
		};
/* End XCBuildConfiguration section */

/* Begin XCConfigurationList section */
		D27320181C8B070200E8E5E9 /* Build configuration list for PBXProject "BlendingCultures-Before" */ = {
			isa = XCConfigurationList;
			buildConfigurations = (
				D273202D1C8B070200E8E5E9 /* Debug */,
				D273202E1C8B070200E8E5E9 /* Release */,
			);
			defaultConfigurationIsVisible = 0;
			defaultConfigurationName = Release;
		};
		D273202F1C8B070200E8E5E9 /* Build configuration list for PBXNativeTarget "BlendingCultures-Before" */ = {
			isa = XCConfigurationList;
			buildConfigurations = (
				D27320301C8B070200E8E5E9 /* Debug */,
				D27320311C8B070200E8E5E9 /* Release */,
			);
			defaultConfigurationIsVisible = 0;
		};
/* End XCConfigurationList section */
	};
	rootObject = D27320151C8B070200E8E5E9 /* Project object */;
}
